{
  "lockfileVersion": 1,
  "workspaces": {
    "": {
      "dependencies": {
        "tailwindcss": "^4.1.12",
      },
    },
  },
  "packages": {
    "tailwindcss": ["tailwindcss@4.1.12", "", {}, "sha512-DzFtxOi+7NsFf7DBtI3BJsynR+0Yp6etH+nRPTbpWnS2pZBaSksv/JGctNwSWzbFjp0vxSqknaUylseZqMDGrA=="],
  }
}
