{
  "lockfileVersion": 1,
  "workspaces": {
    "": {
      "name": "app",
      "dependencies": {
        "@hotwired/stimulus": "^3.2.2",
        "@hotwired/turbo-rails": "^8.0.20",
        "@rails/actiontext": "^8.1.100",
        "tom-select": "^2.4.3",
        "trix": "^2.1.15",
      },
    },
  },
  "packages": {
    "@hotwired/stimulus": ["@hotwired/stimulus@3.2.2", "", {}, "sha512-eGeIqNOQpXoPAIP7tC1+1Yc1yl1xnwYqg+3mzqxyrbE5pg5YFBZcA6YoTiByJB6DKAEsiWtl6tjTJS4IYtbB7A=="],

    "@hotwired/turbo": ["@hotwired/turbo@8.0.20", "", {}, "sha512-IilkH/+h92BRLeY/rMMR3MUh1gshIfdra/qZzp/Bl5FmiALD/6sQZK/ecxSbumeyOYiWr/JRI+Au1YQmkJGnoA=="],

    "@hotwired/turbo-rails": ["@hotwired/turbo-rails@8.0.20", "", { "dependencies": { "@hotwired/turbo": "^8.0.20", "@rails/actioncable": ">=7.0" } }, "sha512-4aYkYF9XMKL7ZZPfgElq15+60osZOwMwhztE4myKQYEzCPvaPUxwZH301tOrBNtWUwOD+TNOm1Hrpeaq22RX9A=="],

    "@orchidjs/sifter": ["@orchidjs/sifter@1.1.0", "", { "dependencies": { "@orchidjs/unicode-variants": "^1.1.2" } }, "sha512-mYwHCfr736cIWWdhhSZvDbf90AKt2xyrJspKFC3qyIJG1LtrJeJunYEqCGG4Aq2ijENbc4WkOjszcvNaIAS/pQ=="],

    "@orchidjs/unicode-variants": ["@orchidjs/unicode-variants@1.1.2", "", {}, "sha512-5DobW1CHgnBROOEpFlEXytED5OosEWESFvg/VYmH0143oXcijYTprRYJTs+55HzGM4IqxiLFSuqEzu9mPNwVsA=="],

    "@rails/actioncable": ["@rails/actioncable@8.1.100", "", {}, "sha512-j4vJQqz51CDVYv2UafKRu4jiZi5/gTnm7NkyL+VMIgEw3s8jtVtmzu9uItUaZccUg9NJ6o05yVyBAHxNfTuCRA=="],

    "@rails/actiontext": ["@rails/actiontext@8.1.100", "", { "dependencies": { "@rails/activestorage": ">= 8.1.0-alpha" }, "peerDependencies": { "trix": "^2.0.0" } }, "sha512-gnLK1HgGCmmVGY40hCiAJ4RwGALwRmiRzqyht6fiM/hrQnul278CqCg9jwV2IQOo7+jMbktGx2O9luGUzayQIA=="],

    "@rails/activestorage": ["@rails/activestorage@8.1.100", "", { "dependencies": { "spark-md5": "^3.0.1" } }, "sha512-rlZg23KYT7JFYXl1tj1WD9nm/yvtUvZT6pzNMVX+HaOjPyGq8xpEv1ADrrhawkbMktKxRj3xDVZ3d/qy0akHvw=="],

    "@types/trusted-types": ["@types/trusted-types@2.0.7", "", {}, "sha512-ScaPdn1dQczgbl0QFTeTOmVHFULt394XJgOQNoyVhZ6r2vLnMLJfBPd53SB52T/3G36VI1/g2MZaX0cwDuXsfw=="],

    "dompurify": ["dompurify@3.3.1", "", { "optionalDependencies": { "@types/trusted-types": "^2.0.7" } }, "sha512-qkdCKzLNtrgPFP1Vo+98FRzJnBRGe4ffyCea9IwHB1fyxPOeNTHpLKYGd4Uk9xvNoH0ZoOjwZxNptyMwqrId1Q=="],

    "spark-md5": ["spark-md5@3.0.2", "", {}, "sha512-wcFzz9cDfbuqe0FZzfi2or1sgyIrsDwmPwfZC4hiNidPdPINjeUwNfv5kldczoEAcjl9Y1L3SM7Uz2PUEQzxQw=="],

    "tom-select": ["tom-select@2.4.3", "", { "dependencies": { "@orchidjs/sifter": "^1.1.0", "@orchidjs/unicode-variants": "^1.1.2" } }, "sha512-MFFrMxP1bpnAMPbdvPCZk0KwYxLqhYZso39torcdoefeV/NThNyDu8dV96/INJ5XQVTL3O55+GqQ78Pkj5oCfw=="],

    "trix": ["trix@2.1.15", "", { "dependencies": { "dompurify": "^3.2.5" } }, "sha512-LoaXWczdTUV8+3Box92B9b1iaDVbxD14dYemZRxi3PwY+AuDm97BUJV2aHLBUFPuDABhxp0wzcbf0CxHCVmXiw=="],
  }
}
